<?xml version="1.0" encoding="utf-8"?>
<Project ToolsVersion="4.0" xmlns="http://schemas.microsoft.com/developer/msbuild/2003">
  <ItemGroup>
    <Filter Include="Quellcodedateien">
      <UniqueIdentifier>{c67d58c6-60a6-4ec4-aa52-72cb8690f189}</UniqueIdentifier>
      <Extensions>cpp;c;cxx;rc;def;r;odl;idl;hpj;bat</Extensions>
    </Filter>
    <Filter Include="Header-Dateien">
      <UniqueIdentifier>{5c7482bb-ddfd-44c9-b9c2-84ba76bd8c17}</UniqueIdentifier>
      <Extensions>h;hpp;hxx;hm;inl</Extensions>
    </Filter>
    <Filter Include="Ressourcendateien">
      <UniqueIdentifier>{b21f04b2-f584-48f0-af67-686a53e61085}</UniqueIdentifier>
      <Extensions>ico;cur;bmp;dlg;rc2;rct;bin;rgs;gif;jpg;jpeg;jpe</Extensions>
    </Filter>
  </ItemGroup>
  <ItemGroup>
    <ClCompile Include="About.cpp">
      <Filter>Quellcodedateien</Filter>
    </ClCompile>
    <ClCompile Include="Ascii.cpp">
      <Filter>Quellcodedateien</Filter>
    </ClCompile>
    <ClCompile Include="ComPort.cpp">
      <Filter>Quellcodedateien</Filter>
    </ClCompile>
    <ClCompile Include="MainFrm.cpp">
      <Filter>Quellcodedateien</Filter>
    </ClCompile>
    <ClCompile Include="MyView.cpp">
      <Filter>Quellcodedateien</Filter>
    </ClCompile>
    <ClCompile Include="Protocol.cpp">
      <Filter>Quellcodedateien</Filter>
    </ClCompile>
    <ClCompile Include="settings.cpp">
      <Filter>Quellcodedateien</Filter>
    </ClCompile>
    <ClCompile Include="simulator3.cpp">
      <Filter>Quellcodedateien</Filter>
    </ClCompile>
    <ClCompile Include="simulator3Doc.cpp">
      <Filter>Quellcodedateien</Filter>
    </ClCompile>
    <ClCompile Include="simulator3View.cpp">
      <Filter>Quellcodedateien</Filter>
    </ClCompile>
    <ClCompile Include="StdAfx.cpp">
      <Filter>Quellcodedateien</Filter>
    </ClCompile>
  </ItemGroup>
  <ItemGroup>
    <ResourceCompile Include="simulator3.rc">
      <Filter>Quellcodedateien</Filter>
    </ResourceCompile>
  </ItemGroup>
  <ItemGroup>
    <ClInclude Include="About.h">
      <Filter>Header-Dateien</Filter>
    </ClInclude>
    <ClInclude Include="Ascii.h">
      <Filter>Header-Dateien</Filter>
    </ClInclude>
    <ClInclude Include="COMPort.h">
      <Filter>Header-Dateien</Filter>
    </ClInclude>
    <ClInclude Include="Constants.h">
      <Filter>Header-Dateien</Filter>
    </ClInclude>
    <ClInclude Include="MainFrm.h">
      <Filter>Header-Dateien</Filter>
    </ClInclude>
    <ClInclude Include="MyView.h">
      <Filter>Header-Dateien</Filter>
    </ClInclude>
    <ClInclude Include="Protocol.h">
      <Filter>Header-Dateien</Filter>
    </ClInclude>
    <ClInclude Include="Resource.h">
      <Filter>Header-Dateien</Filter>
    </ClInclude>
    <ClInclude Include="settings.h">
      <Filter>Header-Dateien</Filter>
    </ClInclude>
    <ClInclude Include="simulator3.h">
      <Filter>Header-Dateien</Filter>
    </ClInclude>
    <ClInclude Include="simulator3Doc.h">
      <Filter>Header-Dateien</Filter>
    </ClInclude>
    <ClInclude Include="simulator3View.h">
      <Filter>Header-Dateien</Filter>
    </ClInclude>
    <ClInclude Include="StdAfx.h">
      <Filter>Header-Dateien</Filter>
    </ClInclude>
  </ItemGroup>
  <ItemGroup>
    <Image Include="res\bitmap2.bmp">
      <Filter>Ressourcendateien</Filter>
    </Image>
    <Image Include="res\bmp00002.bmp">
      <Filter>Ressourcendateien</Filter>
    </Image>
    <Image Include="res\bmp00003.bmp">
      <Filter>Ressourcendateien</Filter>
    </Image>
    <Image Include="res\bmp00005.bmp">
      <Filter>Ressourcendateien</Filter>
    </Image>
    <Image Include="res\bmp00007.bmp">
      <Filter>Ressourcendateien</Filter>
    </Image>
    <Image Include="res\bmp00008.bmp">
      <Filter>Ressourcendateien</Filter>
    </Image>
    <Image Include="res\bmp00009.bmp">
      <Filter>Ressourcendateien</Filter>
    </Image>
    <Image Include="res\sblogo.bmp">
      <Filter>Ressourcendateien</Filter>
    </Image>
    <Image Include="res\simulator3.ico">
      <Filter>Ressourcendateien</Filter>
    </Image>
    <Image Include="res\Toolbar.bmp">
      <Filter>Ressourcendateien</Filter>
    </Image>
    <Image Include="res\bmp00006.bmp">
      <Filter>Ressourcendateien</Filter>
    </Image>
    <Image Include="res\bmp00001.bmp">
      <Filter>Ressourcendateien</Filter>
    </Image>
  </ItemGroup>
  <ItemGroup>
    <CustomBuild Include="res\simulator3.rc2">
      <Filter>Ressourcendateien</Filter>
    </CustomBuild>
  </ItemGroup>
</Project>